// !$*UTF8*$!
{
	archiveVersion = 1;
	classes = {
	};
	objectVersion = 46;
	objects = {

/* Begin PBXBuildFile section */
		37B118FCB72BC6B824BBDDCA /* Pods_Calliope.framework in Frameworks */ = {isa = PBXBuildFile; fileRef = B3088E08C1CD5B315657F45A /* Pods_Calliope.framework */; };
		9D02A0181F31DE59004113B1 /* Global.swift in Sources */ = {isa = PBXBuildFile; fileRef = 9D02A0171F31DE59004113B1 /* Global.swift */; };
		9D02A01E1F322847004113B1 /* ExtBluetooth.swift in Sources */ = {isa = PBXBuildFile; fileRef = 9D02A01D1F322847004113B1 /* ExtBluetooth.swift */; };
		9D1461121F5577F5000DD8B8 /* Checksum.swift in Sources */ = {isa = PBXBuildFile; fileRef = 9D1461111F5577F5000DD8B8 /* Checksum.swift */; };
		9D1790B31F614F3100CDF964 /* Device.swift in Sources */ = {isa = PBXBuildFile; fileRef = 9D1790B21F614F3100CDF964 /* Device.swift */; };
		9D1790B51F61552900CDF964 /* Editors.swift in Sources */ = {isa = PBXBuildFile; fileRef = 9D1790B41F61552900CDF964 /* Editors.swift */; };
		9D1F04A41F7AA7E900192712 /* ExtURL.swift in Sources */ = {isa = PBXBuildFile; fileRef = 9D1F04A31F7AA7E900192712 /* ExtURL.swift */; };
		9D2CC1501F9664600025E84F /* ExtLabel.swift in Sources */ = {isa = PBXBuildFile; fileRef = 9D2CC14F1F9664600025E84F /* ExtLabel.swift */; };
		9D366AEA1F7C0AEA00BB5A26 /* HelpViewController.swift in Sources */ = {isa = PBXBuildFile; fileRef = 9D366AE91F7C0AEA00BB5A26 /* HelpViewController.swift */; };
		9D366AEC1F7D06EF00BB5A26 /* ExtAttributedString.swift in Sources */ = {isa = PBXBuildFile; fileRef = 9D366AEB1F7D06EF00BB5A26 /* ExtAttributedString.swift */; };
		9D366AEE1F7D0DC300BB5A26 /* Localizable.strings in Resources */ = {isa = PBXBuildFile; fileRef = 9DA818941F7A803000093031 /* Localizable.strings */; };
		9D3A59B41F862FAF009023CA /* ProgressViewController.swift in Sources */ = {isa = PBXBuildFile; fileRef = 9D3A59B31F862FAF009023CA /* ProgressViewController.swift */; };
		9D3A59B81F87D703009023CA /* ConnectViewController.swift in Sources */ = {isa = PBXBuildFile; fileRef = 9D3A59B71F87D703009023CA /* ConnectViewController.swift */; };
		9D3A59BA1F87D738009023CA /* UploadViewController.swift in Sources */ = {isa = PBXBuildFile; fileRef = 9D3A59B91F87D738009023CA /* UploadViewController.swift */; };
		9D3A59BD1F8875F5009023CA /* RobotoMono-Bold.ttf in Resources */ = {isa = PBXBuildFile; fileRef = 9D3A59BC1F88745F009023CA /* RobotoMono-Bold.ttf */; };
		9D55AF7C1F65EBEF002B8431 /* BaseViewController.swift in Sources */ = {isa = PBXBuildFile; fileRef = 9D55AF7B1F65EBEF002B8431 /* BaseViewController.swift */; };
		9D55AF7E1F660E2B002B8431 /* ExtImage.swift in Sources */ = {isa = PBXBuildFile; fileRef = 9D55AF7D1F660E2B002B8431 /* ExtImage.swift */; };
		9D55AF801F660FAC002B8431 /* ExtColor.swift in Sources */ = {isa = PBXBuildFile; fileRef = 9D55AF7F1F660FAC002B8431 /* ExtColor.swift */; };
		9D55AF821F661022002B8431 /* Styles.swift in Sources */ = {isa = PBXBuildFile; fileRef = 9D55AF811F661022002B8431 /* Styles.swift */; };
		9D55AF841F668AAE002B8431 /* EditorViewController.swift in Sources */ = {isa = PBXBuildFile; fileRef = 9D55AF831F668AAE002B8431 /* EditorViewController.swift */; };
		9D564BE81F64ACE9003CACD3 /* ExtViewController.swift in Sources */ = {isa = PBXBuildFile; fileRef = 9D564BE71F64ACE9003CACD3 /* ExtViewController.swift */; };
		9D63E1C31F8FCD5100D35167 /* ExtImagePdf.swift in Sources */ = {isa = PBXBuildFile; fileRef = 9D63E1C21F8FCD5100D35167 /* ExtImagePdf.swift */; };
		9D63E1C71F8FEC2C00D35167 /* IconHelp.pdf in Resources */ = {isa = PBXBuildFile; fileRef = 9D63E1C61F8FEC1700D35167 /* IconHelp.pdf */; };
		9D63E1CA1F90B51700D35167 /* Calliope-mini-Start.hex in Resources */ = {isa = PBXBuildFile; fileRef = 9D63E1C81F90B48500D35167 /* Calliope-mini-Start.hex */; };
		9D6404411F2E49C3005B54A9 /* AppDelegate.swift in Sources */ = {isa = PBXBuildFile; fileRef = 9D6404401F2E49C3005B54A9 /* AppDelegate.swift */; };
		9D6404431F2E49C3005B54A9 /* MainViewController.swift in Sources */ = {isa = PBXBuildFile; fileRef = 9D6404421F2E49C3005B54A9 /* MainViewController.swift */; };
		9D6404461F2E49C3005B54A9 /* Main.storyboard in Resources */ = {isa = PBXBuildFile; fileRef = 9D6404441F2E49C3005B54A9 /* Main.storyboard */; };
		9D6404481F2E49C3005B54A9 /* Assets.xcassets in Resources */ = {isa = PBXBuildFile; fileRef = 9D6404471F2E49C3005B54A9 /* Assets.xcassets */; };
		9D64044B1F2E49C3005B54A9 /* LaunchScreen.storyboard in Resources */ = {isa = PBXBuildFile; fileRef = 9D6404491F2E49C3005B54A9 /* LaunchScreen.storyboard */; };
		9D85C9091F7E8DBF005B808F /* EditorsViewController.swift in Sources */ = {isa = PBXBuildFile; fileRef = 9D85C9081F7E8DBF005B808F /* EditorsViewController.swift */; };
		9D8B5B241F979A470023DC09 /* Application.swift in Sources */ = {isa = PBXBuildFile; fileRef = 9D8B5B231F979A470023DC09 /* Application.swift */; };
		9DA818911F7A779D00093031 /* RobotoMono-Regular.ttf in Resources */ = {isa = PBXBuildFile; fileRef = 9DA818901F7A750400093031 /* RobotoMono-Regular.ttf */; };
		9DAC99FC1F93E14E007C1B42 /* MatrixView.swift in Sources */ = {isa = PBXBuildFile; fileRef = 9DAC99FB1F93E14E007C1B42 /* MatrixView.swift */; };
		9DAC99FE1F942B20007C1B42 /* Microbit.swift in Sources */ = {isa = PBXBuildFile; fileRef = 9DAC99FD1F942B20007C1B42 /* Microbit.swift */; };
		9DBA2BB31F6033D600DCEC96 /* BluetoothScan.swift in Sources */ = {isa = PBXBuildFile; fileRef = 9DBA2BB21F6033D600DCEC96 /* BluetoothScan.swift */; };
		9DBA2BB51F60342300DCEC96 /* BluetoothUpload.swift in Sources */ = {isa = PBXBuildFile; fileRef = 9DBA2BB41F60342300DCEC96 /* BluetoothUpload.swift */; };
		9DBA2BB71F60563000DCEC96 /* BluetoothReboot.swift in Sources */ = {isa = PBXBuildFile; fileRef = 9DBA2BB61F60563000DCEC96 /* BluetoothReboot.swift */; };
		9DBA2BB91F6078B800DCEC96 /* HistoryViewController.swift in Sources */ = {isa = PBXBuildFile; fileRef = 9DBA2BB81F6078B800DCEC96 /* HistoryViewController.swift */; };
		9DBD88881F4B615300D0F83A /* ScannerViewController.swift in Sources */ = {isa = PBXBuildFile; fileRef = 9DBD88871F4B615300D0F83A /* ScannerViewController.swift */; };
		9DCE159D1F5AECD600264A99 /* ExtObject.swift in Sources */ = {isa = PBXBuildFile; fileRef = 9DCE159C1F5AECD600264A99 /* ExtObject.swift */; };
		9DCE159F1F5B049700264A99 /* WebKit.framework in Frameworks */ = {isa = PBXBuildFile; fileRef = 9DCE159E1F5B049700264A99 /* WebKit.framework */; };
		9DD46B951F3395F400123EF0 /* Constants.swift in Sources */ = {isa = PBXBuildFile; fileRef = 9DD46B941F3395F400123EF0 /* Constants.swift */; };
		9DE75E1F1F61793700CC047C /* BluetoothPair.swift in Sources */ = {isa = PBXBuildFile; fileRef = 9DE75E1E1F61793700CC047C /* BluetoothPair.swift */; };
		9DFA2DC71F584D7100DD1A10 /* HexFile.swift in Sources */ = {isa = PBXBuildFile; fileRef = 9DFA2DC61F584D7100DD1A10 /* HexFile.swift */; };
		9DFA2DD31F598F4C00DD1A10 /* Binary.swift in Sources */ = {isa = PBXBuildFile; fileRef = 9DFA2DD21F598F4C00DD1A10 /* Binary.swift */; };
		9DFA2DD61F59FC5700DD1A10 /* HexParser.swift in Sources */ = {isa = PBXBuildFile; fileRef = 9DFA2DD51F59FC5600DD1A10 /* HexParser.swift */; };
		9DFA2DD81F5A16AC00DD1A10 /* StreamReader.swift in Sources */ = {isa = PBXBuildFile; fileRef = 9DFA2DD71F5A16AC00DD1A10 /* StreamReader.swift */; };
		9DFA2DDA1F5A1F2D00DD1A10 /* ExtString.swift in Sources */ = {isa = PBXBuildFile; fileRef = 9DFA2DD91F5A1F2D00DD1A10 /* ExtString.swift */; };
		9DFA61B11F4DB5F000E0CDAF /* ExtButtons.swift in Sources */ = {isa = PBXBuildFile; fileRef = 9DFA61B01F4DB5F000E0CDAF /* ExtButtons.swift */; };
		D49A2B5321FA58780093F2E3 /* SettingsViewController.swift in Sources */ = {isa = PBXBuildFile; fileRef = D49A2B5221FA58780093F2E3 /* SettingsViewController.swift */; };
		D49A2B5621FA5AE30093F2E3 /* URLManager.swift in Sources */ = {isa = PBXBuildFile; fileRef = D49A2B5521FA5AE30093F2E3 /* URLManager.swift */; };
		D49A2B5821FA5D0B0093F2E3 /* TextFieldView.swift in Sources */ = {isa = PBXBuildFile; fileRef = D49A2B5721FA5D0B0093F2E3 /* TextFieldView.swift */; };
/* End PBXBuildFile section */

/* Begin PBXFileReference section */
		187D027987EA3CD6BF52AE2C /* Pods-Calliope.release.xcconfig */ = {isa = PBXFileReference; includeInIndex = 1; lastKnownFileType = text.xcconfig; name = "Pods-Calliope.release.xcconfig"; path = "Pods/Target Support Files/Pods-Calliope/Pods-Calliope.release.xcconfig"; sourceTree = "<group>"; };
		9D02A0171F31DE59004113B1 /* Global.swift */ = {isa = PBXFileReference; fileEncoding = 4; lastKnownFileType = sourcecode.swift; path = Global.swift; sourceTree = "<group>"; };
		9D02A01D1F322847004113B1 /* ExtBluetooth.swift */ = {isa = PBXFileReference; fileEncoding = 4; lastKnownFileType = sourcecode.swift; path = ExtBluetooth.swift; sourceTree = "<group>"; };
		9D1461111F5577F5000DD8B8 /* Checksum.swift */ = {isa = PBXFileReference; fileEncoding = 4; lastKnownFileType = sourcecode.swift; path = Checksum.swift; sourceTree = "<group>"; };
		9D1790B21F614F3100CDF964 /* Device.swift */ = {isa = PBXFileReference; fileEncoding = 4; lastKnownFileType = sourcecode.swift; path = Device.swift; sourceTree = "<group>"; };
		9D1790B41F61552900CDF964 /* Editors.swift */ = {isa = PBXFileReference; fileEncoding = 4; lastKnownFileType = sourcecode.swift; path = Editors.swift; sourceTree = "<group>"; };
		9D1F04A31F7AA7E900192712 /* ExtURL.swift */ = {isa = PBXFileReference; lastKnownFileType = sourcecode.swift; path = ExtURL.swift; sourceTree = "<group>"; };
		9D2CC14F1F9664600025E84F /* ExtLabel.swift */ = {isa = PBXFileReference; lastKnownFileType = sourcecode.swift; path = ExtLabel.swift; sourceTree = "<group>"; };
		9D366AE91F7C0AEA00BB5A26 /* HelpViewController.swift */ = {isa = PBXFileReference; lastKnownFileType = sourcecode.swift; path = HelpViewController.swift; sourceTree = "<group>"; };
		9D366AEB1F7D06EF00BB5A26 /* ExtAttributedString.swift */ = {isa = PBXFileReference; lastKnownFileType = sourcecode.swift; path = ExtAttributedString.swift; sourceTree = "<group>"; };
		9D3A59B31F862FAF009023CA /* ProgressViewController.swift */ = {isa = PBXFileReference; lastKnownFileType = sourcecode.swift; path = ProgressViewController.swift; sourceTree = "<group>"; };
		9D3A59B71F87D703009023CA /* ConnectViewController.swift */ = {isa = PBXFileReference; lastKnownFileType = sourcecode.swift; path = ConnectViewController.swift; sourceTree = "<group>"; };
		9D3A59B91F87D738009023CA /* UploadViewController.swift */ = {isa = PBXFileReference; lastKnownFileType = sourcecode.swift; path = UploadViewController.swift; sourceTree = "<group>"; };
		9D3A59BC1F88745F009023CA /* RobotoMono-Bold.ttf */ = {isa = PBXFileReference; lastKnownFileType = file; name = "RobotoMono-Bold.ttf"; path = "Fonts/Roboto Mono/RobotoMono-Bold.ttf"; sourceTree = "<group>"; };
		9D55AF7B1F65EBEF002B8431 /* BaseViewController.swift */ = {isa = PBXFileReference; fileEncoding = 4; lastKnownFileType = sourcecode.swift; path = BaseViewController.swift; sourceTree = "<group>"; };
		9D55AF7D1F660E2B002B8431 /* ExtImage.swift */ = {isa = PBXFileReference; fileEncoding = 4; lastKnownFileType = sourcecode.swift; path = ExtImage.swift; sourceTree = "<group>"; };
		9D55AF7F1F660FAC002B8431 /* ExtColor.swift */ = {isa = PBXFileReference; fileEncoding = 4; lastKnownFileType = sourcecode.swift; path = ExtColor.swift; sourceTree = "<group>"; };
		9D55AF811F661022002B8431 /* Styles.swift */ = {isa = PBXFileReference; fileEncoding = 4; lastKnownFileType = sourcecode.swift; path = Styles.swift; sourceTree = "<group>"; };
		9D55AF831F668AAE002B8431 /* EditorViewController.swift */ = {isa = PBXFileReference; fileEncoding = 4; lastKnownFileType = sourcecode.swift; path = EditorViewController.swift; sourceTree = "<group>"; };
		9D564BE71F64ACE9003CACD3 /* ExtViewController.swift */ = {isa = PBXFileReference; fileEncoding = 4; lastKnownFileType = sourcecode.swift; path = ExtViewController.swift; sourceTree = "<group>"; };
		9D63E1C21F8FCD5100D35167 /* ExtImagePdf.swift */ = {isa = PBXFileReference; lastKnownFileType = sourcecode.swift; path = ExtImagePdf.swift; sourceTree = "<group>"; };
		9D63E1C61F8FEC1700D35167 /* IconHelp.pdf */ = {isa = PBXFileReference; lastKnownFileType = image.pdf; path = IconHelp.pdf; sourceTree = "<group>"; };
		9D63E1C81F90B48500D35167 /* Calliope-mini-Start.hex */ = {isa = PBXFileReference; lastKnownFileType = text; name = "Calliope-mini-Start.hex"; path = "Firmware/Calliope-mini-Start.hex"; sourceTree = SOURCE_ROOT; };
		9D64043D1F2E49C3005B54A9 /* Calliope.app */ = {isa = PBXFileReference; explicitFileType = wrapper.application; includeInIndex = 0; path = Calliope.app; sourceTree = BUILT_PRODUCTS_DIR; };
		9D6404401F2E49C3005B54A9 /* AppDelegate.swift */ = {isa = PBXFileReference; lastKnownFileType = sourcecode.swift; path = AppDelegate.swift; sourceTree = "<group>"; };
		9D6404421F2E49C3005B54A9 /* MainViewController.swift */ = {isa = PBXFileReference; lastKnownFileType = sourcecode.swift; path = MainViewController.swift; sourceTree = "<group>"; };
		9D6404451F2E49C3005B54A9 /* Base */ = {isa = PBXFileReference; lastKnownFileType = file.storyboard; name = Base; path = Base.lproj/Main.storyboard; sourceTree = "<group>"; };
		9D6404471F2E49C3005B54A9 /* Assets.xcassets */ = {isa = PBXFileReference; lastKnownFileType = folder.assetcatalog; path = Assets.xcassets; sourceTree = "<group>"; };
		9D64044A1F2E49C3005B54A9 /* Base */ = {isa = PBXFileReference; lastKnownFileType = file.storyboard; name = Base; path = Base.lproj/LaunchScreen.storyboard; sourceTree = "<group>"; };
		9D64044C1F2E49C3005B54A9 /* Info.plist */ = {isa = PBXFileReference; lastKnownFileType = text.plist.xml; path = Info.plist; sourceTree = "<group>"; };
		9D85C9081F7E8DBF005B808F /* EditorsViewController.swift */ = {isa = PBXFileReference; lastKnownFileType = sourcecode.swift; path = EditorsViewController.swift; sourceTree = "<group>"; };
		9D8B5B231F979A470023DC09 /* Application.swift */ = {isa = PBXFileReference; lastKnownFileType = sourcecode.swift; path = Application.swift; sourceTree = "<group>"; };
		9DA818901F7A750400093031 /* RobotoMono-Regular.ttf */ = {isa = PBXFileReference; lastKnownFileType = file; name = "RobotoMono-Regular.ttf"; path = "Fonts/Roboto Mono/RobotoMono-Regular.ttf"; sourceTree = "<group>"; };
		9DA818951F7A803000093031 /* de */ = {isa = PBXFileReference; lastKnownFileType = text.plist.strings; name = de; path = Localization/de.lproj/Localizable.strings; sourceTree = "<group>"; };
		9DA818961F7A804300093031 /* en */ = {isa = PBXFileReference; lastKnownFileType = text.plist.strings; name = en; path = Localization/en.lproj/Localizable.strings; sourceTree = "<group>"; };
		9DAC99FB1F93E14E007C1B42 /* MatrixView.swift */ = {isa = PBXFileReference; lastKnownFileType = sourcecode.swift; path = MatrixView.swift; sourceTree = "<group>"; };
		9DAC99FD1F942B20007C1B42 /* Microbit.swift */ = {isa = PBXFileReference; lastKnownFileType = sourcecode.swift; path = Microbit.swift; sourceTree = "<group>"; };
		9DBA2BB21F6033D600DCEC96 /* BluetoothScan.swift */ = {isa = PBXFileReference; fileEncoding = 4; lastKnownFileType = sourcecode.swift; path = BluetoothScan.swift; sourceTree = "<group>"; };
		9DBA2BB41F60342300DCEC96 /* BluetoothUpload.swift */ = {isa = PBXFileReference; fileEncoding = 4; lastKnownFileType = sourcecode.swift; path = BluetoothUpload.swift; sourceTree = "<group>"; };
		9DBA2BB61F60563000DCEC96 /* BluetoothReboot.swift */ = {isa = PBXFileReference; fileEncoding = 4; lastKnownFileType = sourcecode.swift; path = BluetoothReboot.swift; sourceTree = "<group>"; };
		9DBA2BB81F6078B800DCEC96 /* HistoryViewController.swift */ = {isa = PBXFileReference; fileEncoding = 4; lastKnownFileType = sourcecode.swift; path = HistoryViewController.swift; sourceTree = "<group>"; };
		9DBD88871F4B615300D0F83A /* ScannerViewController.swift */ = {isa = PBXFileReference; fileEncoding = 4; lastKnownFileType = sourcecode.swift; path = ScannerViewController.swift; sourceTree = "<group>"; };
		9DBD888B1F4B626900D0F83A /* Bridge.h */ = {isa = PBXFileReference; lastKnownFileType = sourcecode.c.h; path = Bridge.h; sourceTree = "<group>"; };
		9DCE159C1F5AECD600264A99 /* ExtObject.swift */ = {isa = PBXFileReference; fileEncoding = 4; lastKnownFileType = sourcecode.swift; path = ExtObject.swift; sourceTree = "<group>"; };
		9DCE159E1F5B049700264A99 /* WebKit.framework */ = {isa = PBXFileReference; lastKnownFileType = wrapper.framework; name = WebKit.framework; path = System/Library/Frameworks/WebKit.framework; sourceTree = SDKROOT; };
		9DD46B941F3395F400123EF0 /* Constants.swift */ = {isa = PBXFileReference; fileEncoding = 4; lastKnownFileType = sourcecode.swift; path = Constants.swift; sourceTree = "<group>"; };
		9DE75E1E1F61793700CC047C /* BluetoothPair.swift */ = {isa = PBXFileReference; fileEncoding = 4; lastKnownFileType = sourcecode.swift; path = BluetoothPair.swift; sourceTree = "<group>"; };
		9DFA2DC61F584D7100DD1A10 /* HexFile.swift */ = {isa = PBXFileReference; fileEncoding = 4; lastKnownFileType = sourcecode.swift; path = HexFile.swift; sourceTree = "<group>"; };
		9DFA2DD21F598F4C00DD1A10 /* Binary.swift */ = {isa = PBXFileReference; fileEncoding = 4; lastKnownFileType = sourcecode.swift; path = Binary.swift; sourceTree = "<group>"; };
		9DFA2DD51F59FC5600DD1A10 /* HexParser.swift */ = {isa = PBXFileReference; fileEncoding = 4; lastKnownFileType = sourcecode.swift; path = HexParser.swift; sourceTree = "<group>"; };
		9DFA2DD71F5A16AC00DD1A10 /* StreamReader.swift */ = {isa = PBXFileReference; fileEncoding = 4; lastKnownFileType = sourcecode.swift; path = StreamReader.swift; sourceTree = "<group>"; };
		9DFA2DD91F5A1F2D00DD1A10 /* ExtString.swift */ = {isa = PBXFileReference; fileEncoding = 4; lastKnownFileType = sourcecode.swift; path = ExtString.swift; sourceTree = "<group>"; };
		9DFA61B01F4DB5F000E0CDAF /* ExtButtons.swift */ = {isa = PBXFileReference; fileEncoding = 4; lastKnownFileType = sourcecode.swift; path = ExtButtons.swift; sourceTree = "<group>"; };
		AD5B59281443F564F0AF92FB /* Pods-Calliope.debug.xcconfig */ = {isa = PBXFileReference; includeInIndex = 1; lastKnownFileType = text.xcconfig; name = "Pods-Calliope.debug.xcconfig"; path = "Pods/Target Support Files/Pods-Calliope/Pods-Calliope.debug.xcconfig"; sourceTree = "<group>"; };
		B3088E08C1CD5B315657F45A /* Pods_Calliope.framework */ = {isa = PBXFileReference; explicitFileType = wrapper.framework; includeInIndex = 0; path = Pods_Calliope.framework; sourceTree = BUILT_PRODUCTS_DIR; };
		D49A2B5221FA58780093F2E3 /* SettingsViewController.swift */ = {isa = PBXFileReference; lastKnownFileType = sourcecode.swift; path = SettingsViewController.swift; sourceTree = "<group>"; };
		D49A2B5521FA5AE30093F2E3 /* URLManager.swift */ = {isa = PBXFileReference; lastKnownFileType = sourcecode.swift; path = URLManager.swift; sourceTree = "<group>"; };
		D49A2B5721FA5D0B0093F2E3 /* TextFieldView.swift */ = {isa = PBXFileReference; lastKnownFileType = sourcecode.swift; path = TextFieldView.swift; sourceTree = "<group>"; };
/* End PBXFileReference section */

/* Begin PBXFrameworksBuildPhase section */
		9D64043A1F2E49C3005B54A9 /* Frameworks */ = {
			isa = PBXFrameworksBuildPhase;
			buildActionMask = 2147483647;
			files = (
				9DCE159F1F5B049700264A99 /* WebKit.framework in Frameworks */,
				37B118FCB72BC6B824BBDDCA /* Pods_Calliope.framework in Frameworks */,
			);
			runOnlyForDeploymentPostprocessing = 0;
		};
/* End PBXFrameworksBuildPhase section */

/* Begin PBXGroup section */
		9D55AF791F65D9AF002B8431 /* Controller */ = {
			isa = PBXGroup;
			children = (
				D49A2B5221FA58780093F2E3 /* SettingsViewController.swift */,
				9D6404421F2E49C3005B54A9 /* MainViewController.swift */,
				9DBD88871F4B615300D0F83A /* ScannerViewController.swift */,
				9D85C9081F7E8DBF005B808F /* EditorsViewController.swift */,
				9D55AF831F668AAE002B8431 /* EditorViewController.swift */,
				9DBA2BB81F6078B800DCEC96 /* HistoryViewController.swift */,
				9D3A59B71F87D703009023CA /* ConnectViewController.swift */,
				9D3A59B91F87D738009023CA /* UploadViewController.swift */,
				9D366AE91F7C0AEA00BB5A26 /* HelpViewController.swift */,
				9D3A59B31F862FAF009023CA /* ProgressViewController.swift */,
				9D55AF7B1F65EBEF002B8431 /* BaseViewController.swift */,
			);
			name = Controller;
			sourceTree = "<group>";
		};
		9D55AF7A1F65D9EF002B8431 /* Bluetooth */ = {
			isa = PBXGroup;
			children = (
				9DBA2BB21F6033D600DCEC96 /* BluetoothScan.swift */,
				9DBA2BB41F60342300DCEC96 /* BluetoothUpload.swift */,
				9DBA2BB61F60563000DCEC96 /* BluetoothReboot.swift */,
				9DE75E1E1F61793700CC047C /* BluetoothPair.swift */,
			);
			name = Bluetooth;
			sourceTree = "<group>";
		};
		9D6404341F2E49C3005B54A9 = {
			isa = PBXGroup;
			children = (
				9D64043F1F2E49C3005B54A9 /* Calliope */,
				9D64043E1F2E49C3005B54A9 /* Products */,
				CDCE21A619E5A466046430C1 /* Pods */,
				A1B1893D442746968434E1CB /* Frameworks */,
			);
			sourceTree = "<group>";
		};
		9D64043E1F2E49C3005B54A9 /* Products */ = {
			isa = PBXGroup;
			children = (
				9D64043D1F2E49C3005B54A9 /* Calliope.app */,
			);
			name = Products;
			sourceTree = "<group>";
		};
		9D64043F1F2E49C3005B54A9 /* Calliope */ = {
			isa = PBXGroup;
			children = (
				9DBD888B1F4B626900D0F83A /* Bridge.h */,
				9D64044C1F2E49C3005B54A9 /* Info.plist */,
				9D6404471F2E49C3005B54A9 /* Assets.xcassets */,
				9DA818941F7A803000093031 /* Localizable.strings */,
				9DA818901F7A750400093031 /* RobotoMono-Regular.ttf */,
				9D3A59BC1F88745F009023CA /* RobotoMono-Bold.ttf */,
				9D02A0171F31DE59004113B1 /* Global.swift */,
				9DD46B941F3395F400123EF0 /* Constants.swift */,
				D49A2B5521FA5AE30093F2E3 /* URLManager.swift */,
				9D55AF811F661022002B8431 /* Styles.swift */,
				9D6404491F2E49C3005B54A9 /* LaunchScreen.storyboard */,
				9D6404441F2E49C3005B54A9 /* Main.storyboard */,
				9D6404401F2E49C3005B54A9 /* AppDelegate.swift */,
				9D55AF791F65D9AF002B8431 /* Controller */,
				9DA818971F7A879D00093031 /* Components */,
				9D55AF7A1F65D9EF002B8431 /* Bluetooth */,
				9DAC99FD1F942B20007C1B42 /* Microbit.swift */,
				9D1790B41F61552900CDF964 /* Editors.swift */,
				9D1790B21F614F3100CDF964 /* Device.swift */,
				9DFA2DD51F59FC5600DD1A10 /* HexParser.swift */,
				9D1461111F5577F5000DD8B8 /* Checksum.swift */,
				9DFA2DC61F584D7100DD1A10 /* HexFile.swift */,
				9DFA2DD21F598F4C00DD1A10 /* Binary.swift */,
				9DFA2DD71F5A16AC00DD1A10 /* StreamReader.swift */,
				9D63E1C61F8FEC1700D35167 /* IconHelp.pdf */,
				9DA818981F7A92F000093031 /* Extensions */,
				9DFA2DD41F59EE1C00DD1A10 /* Firmware */,
			);
			path = Calliope;
			sourceTree = "<group>";
		};
		9DA818971F7A879D00093031 /* Components */ = {
			isa = PBXGroup;
			children = (
				D49A2B5721FA5D0B0093F2E3 /* TextFieldView.swift */,
				9DAC99FB1F93E14E007C1B42 /* MatrixView.swift */,
			);
			name = Components;
			sourceTree = "<group>";
		};
		9DA818981F7A92F000093031 /* Extensions */ = {
			isa = PBXGroup;
			children = (
				9D8B5B231F979A470023DC09 /* Application.swift */,
				9D02A01D1F322847004113B1 /* ExtBluetooth.swift */,
				9DCE159C1F5AECD600264A99 /* ExtObject.swift */,
				9DFA61B01F4DB5F000E0CDAF /* ExtButtons.swift */,
				9DFA2DD91F5A1F2D00DD1A10 /* ExtString.swift */,
				9D564BE71F64ACE9003CACD3 /* ExtViewController.swift */,
				9D55AF7F1F660FAC002B8431 /* ExtColor.swift */,
				9D55AF7D1F660E2B002B8431 /* ExtImage.swift */,
				9D63E1C21F8FCD5100D35167 /* ExtImagePdf.swift */,
				9D1F04A31F7AA7E900192712 /* ExtURL.swift */,
				9D366AEB1F7D06EF00BB5A26 /* ExtAttributedString.swift */,
				9D2CC14F1F9664600025E84F /* ExtLabel.swift */,
			);
			name = Extensions;
			sourceTree = "<group>";
		};
		9DFA2DD41F59EE1C00DD1A10 /* Firmware */ = {
			isa = PBXGroup;
			children = (
				9D63E1C81F90B48500D35167 /* Calliope-mini-Start.hex */,
			);
			name = Firmware;
			sourceTree = "<group>";
		};
		A1B1893D442746968434E1CB /* Frameworks */ = {
			isa = PBXGroup;
			children = (
				9DCE159E1F5B049700264A99 /* WebKit.framework */,
				B3088E08C1CD5B315657F45A /* Pods_Calliope.framework */,
			);
			name = Frameworks;
			sourceTree = "<group>";
		};
		CDCE21A619E5A466046430C1 /* Pods */ = {
			isa = PBXGroup;
			children = (
				AD5B59281443F564F0AF92FB /* Pods-Calliope.debug.xcconfig */,
				187D027987EA3CD6BF52AE2C /* Pods-Calliope.release.xcconfig */,
			);
			name = Pods;
			sourceTree = "<group>";
		};
/* End PBXGroup section */

/* Begin PBXNativeTarget section */
		9D64043C1F2E49C3005B54A9 /* Calliope */ = {
			isa = PBXNativeTarget;
			buildConfigurationList = 9D64044F1F2E49C3005B54A9 /* Build configuration list for PBXNativeTarget "Calliope" */;
			buildPhases = (
				4933D251A9DB6CA504E8070E /* [CP] Check Pods Manifest.lock */,
				9D6404391F2E49C3005B54A9 /* Sources */,
				9D64043A1F2E49C3005B54A9 /* Frameworks */,
				9D64043B1F2E49C3005B54A9 /* Resources */,
				9D8B5B221F9798E30023DC09 /* Automatic Build Number */,
				A2357D51B854AB4C1A6D1206 /* [CP] Embed Pods Frameworks */,
			);
			buildRules = (
			);
			dependencies = (
			);
			name = Calliope;
			productName = Calliope;
			productReference = 9D64043D1F2E49C3005B54A9 /* Calliope.app */;
			productType = "com.apple.product-type.application";
		};
/* End PBXNativeTarget section */

/* Begin PBXProject section */
		9D6404351F2E49C3005B54A9 /* Project object */ = {
			isa = PBXProject;
			attributes = {
				LastSwiftUpdateCheck = 0830;
				LastUpgradeCheck = 1010;
				TargetAttributes = {
					9D64043C1F2E49C3005B54A9 = {
						CreatedOnToolsVersion = 8.3.3;
						DevelopmentTeam = KW752MR3Z2;
						LastSwiftMigration = 1010;
						ProvisioningStyle = Automatic;
					};
				};
			};
			buildConfigurationList = 9D6404381F2E49C3005B54A9 /* Build configuration list for PBXProject "Calliope" */;
			compatibilityVersion = "Xcode 3.2";
			developmentRegion = English;
			hasScannedForEncodings = 0;
			knownRegions = (
				en,
				Base,
				de,
			);
			mainGroup = 9D6404341F2E49C3005B54A9;
			productRefGroup = 9D64043E1F2E49C3005B54A9 /* Products */;
			projectDirPath = "";
			projectRoot = "";
			targets = (
				9D64043C1F2E49C3005B54A9 /* Calliope */,
			);
		};
/* End PBXProject section */

/* Begin PBXResourcesBuildPhase section */
		9D64043B1F2E49C3005B54A9 /* Resources */ = {
			isa = PBXResourcesBuildPhase;
			buildActionMask = 2147483647;
			files = (
				9D63E1CA1F90B51700D35167 /* Calliope-mini-Start.hex in Resources */,
				9D64044B1F2E49C3005B54A9 /* LaunchScreen.storyboard in Resources */,
				9D63E1C71F8FEC2C00D35167 /* IconHelp.pdf in Resources */,
				9D6404481F2E49C3005B54A9 /* Assets.xcassets in Resources */,
				9DA818911F7A779D00093031 /* RobotoMono-Regular.ttf in Resources */,
				9D3A59BD1F8875F5009023CA /* RobotoMono-Bold.ttf in Resources */,
				9D366AEE1F7D0DC300BB5A26 /* Localizable.strings in Resources */,
				9D6404461F2E49C3005B54A9 /* Main.storyboard in Resources */,
			);
			runOnlyForDeploymentPostprocessing = 0;
		};
/* End PBXResourcesBuildPhase section */

/* Begin PBXShellScriptBuildPhase section */
		4933D251A9DB6CA504E8070E /* [CP] Check Pods Manifest.lock */ = {
			isa = PBXShellScriptBuildPhase;
			buildActionMask = 2147483647;
			files = (
			);
			inputPaths = (
				"${PODS_PODFILE_DIR_PATH}/Podfile.lock",
				"${PODS_ROOT}/Manifest.lock",
			);
			name = "[CP] Check Pods Manifest.lock";
			outputPaths = (
				"$(DERIVED_FILE_DIR)/Pods-Calliope-checkManifestLockResult.txt",
			);
			runOnlyForDeploymentPostprocessing = 0;
			shellPath = /bin/sh;
			shellScript = "diff \"${PODS_PODFILE_DIR_PATH}/Podfile.lock\" \"${PODS_ROOT}/Manifest.lock\" > /dev/null\nif [ $? != 0 ] ; then\n    # print error to STDERR\n    echo \"error: The sandbox is not in sync with the Podfile.lock. Run 'pod install' or update your CocoaPods installation.\" >&2\n    exit 1\nfi\n# This output is used by Xcode 'outputs' to avoid re-running this script phase.\necho \"SUCCESS\" > \"${SCRIPT_OUTPUT_FILE_0}\"\n";
			showEnvVarsInLog = 0;
		};
		9D8B5B221F9798E30023DC09 /* Automatic Build Number */ = {
			isa = PBXShellScriptBuildPhase;
			buildActionMask = 2147483647;
			files = (
			);
			inputPaths = (
			);
			name = "Automatic Build Number";
			outputPaths = (
			);
			runOnlyForDeploymentPostprocessing = 0;
			shellPath = /bin/sh;
			shellScript = "$SRCROOT/Scripts/build-number.sh";
		};
		A2357D51B854AB4C1A6D1206 /* [CP] Embed Pods Frameworks */ = {
			isa = PBXShellScriptBuildPhase;
			buildActionMask = 2147483647;
			files = (
			);
			inputPaths = (
				"${SRCROOT}/Pods/Target Support Files/Pods-Calliope/Pods-Calliope-frameworks.sh",
				"${BUILT_PRODUCTS_DIR}/SnapKit/SnapKit.framework",
				"${BUILT_PRODUCTS_DIR}/TPKeyboardAvoiding/TPKeyboardAvoiding.framework",
				"${BUILT_PRODUCTS_DIR}/Zip/Zip.framework",
				"${BUILT_PRODUCTS_DIR}/iOSDFULibrary/iOSDFULibrary.framework",
			);
			name = "[CP] Embed Pods Frameworks";
			outputPaths = (
				"${TARGET_BUILD_DIR}/${FRAMEWORKS_FOLDER_PATH}/SnapKit.framework",
				"${TARGET_BUILD_DIR}/${FRAMEWORKS_FOLDER_PATH}/TPKeyboardAvoiding.framework",
				"${TARGET_BUILD_DIR}/${FRAMEWORKS_FOLDER_PATH}/Zip.framework",
				"${TARGET_BUILD_DIR}/${FRAMEWORKS_FOLDER_PATH}/iOSDFULibrary.framework",
			);
			runOnlyForDeploymentPostprocessing = 0;
			shellPath = /bin/sh;
			shellScript = "\"${SRCROOT}/Pods/Target Support Files/Pods-Calliope/Pods-Calliope-frameworks.sh\"\n";
			showEnvVarsInLog = 0;
		};
/* End PBXShellScriptBuildPhase section */

/* Begin PBXSourcesBuildPhase section */
		9D6404391F2E49C3005B54A9 /* Sources */ = {
			isa = PBXSourcesBuildPhase;
			buildActionMask = 2147483647;
			files = (
				9D3A59B81F87D703009023CA /* ConnectViewController.swift in Sources */,
				9D55AF821F661022002B8431 /* Styles.swift in Sources */,
				9DBA2BB71F60563000DCEC96 /* BluetoothReboot.swift in Sources */,
				9DBA2BB31F6033D600DCEC96 /* BluetoothScan.swift in Sources */,
				9D1790B51F61552900CDF964 /* Editors.swift in Sources */,
				9DFA2DD61F59FC5700DD1A10 /* HexParser.swift in Sources */,
				9D02A0181F31DE59004113B1 /* Global.swift in Sources */,
				9D55AF7C1F65EBEF002B8431 /* BaseViewController.swift in Sources */,
				D49A2B5821FA5D0B0093F2E3 /* TextFieldView.swift in Sources */,
				9D3A59B41F862FAF009023CA /* ProgressViewController.swift in Sources */,
				9DBA2BB91F6078B800DCEC96 /* HistoryViewController.swift in Sources */,
				9D85C9091F7E8DBF005B808F /* EditorsViewController.swift in Sources */,
				9DBD88881F4B615300D0F83A /* ScannerViewController.swift in Sources */,
				D49A2B5621FA5AE30093F2E3 /* URLManager.swift in Sources */,
				9DAC99FE1F942B20007C1B42 /* Microbit.swift in Sources */,
				9D3A59BA1F87D738009023CA /* UploadViewController.swift in Sources */,
				9D55AF7E1F660E2B002B8431 /* ExtImage.swift in Sources */,
				9D55AF801F660FAC002B8431 /* ExtColor.swift in Sources */,
				9D1790B31F614F3100CDF964 /* Device.swift in Sources */,
				9DE75E1F1F61793700CC047C /* BluetoothPair.swift in Sources */,
				9DFA2DC71F584D7100DD1A10 /* HexFile.swift in Sources */,
				9D366AEC1F7D06EF00BB5A26 /* ExtAttributedString.swift in Sources */,
				9D1461121F5577F5000DD8B8 /* Checksum.swift in Sources */,
				9DFA61B11F4DB5F000E0CDAF /* ExtButtons.swift in Sources */,
				9D02A01E1F322847004113B1 /* ExtBluetooth.swift in Sources */,
				D49A2B5321FA58780093F2E3 /* SettingsViewController.swift in Sources */,
				9D63E1C31F8FCD5100D35167 /* ExtImagePdf.swift in Sources */,
				9D8B5B241F979A470023DC09 /* Application.swift in Sources */,
				9D2CC1501F9664600025E84F /* ExtLabel.swift in Sources */,
				9D1F04A41F7AA7E900192712 /* ExtURL.swift in Sources */,
				9DD46B951F3395F400123EF0 /* Constants.swift in Sources */,
				9D366AEA1F7C0AEA00BB5A26 /* HelpViewController.swift in Sources */,
				9D6404431F2E49C3005B54A9 /* MainViewController.swift in Sources */,
				9D564BE81F64ACE9003CACD3 /* ExtViewController.swift in Sources */,
				9DFA2DDA1F5A1F2D00DD1A10 /* ExtString.swift in Sources */,
				9DFA2DD81F5A16AC00DD1A10 /* StreamReader.swift in Sources */,
				9DFA2DD31F598F4C00DD1A10 /* Binary.swift in Sources */,
				9DBA2BB51F60342300DCEC96 /* BluetoothUpload.swift in Sources */,
				9D6404411F2E49C3005B54A9 /* AppDelegate.swift in Sources */,
				9DCE159D1F5AECD600264A99 /* ExtObject.swift in Sources */,
				9D55AF841F668AAE002B8431 /* EditorViewController.swift in Sources */,
				9DAC99FC1F93E14E007C1B42 /* MatrixView.swift in Sources */,
			);
			runOnlyForDeploymentPostprocessing = 0;
		};
/* End PBXSourcesBuildPhase section */

/* Begin PBXVariantGroup section */
		9D6404441F2E49C3005B54A9 /* Main.storyboard */ = {
			isa = PBXVariantGroup;
			children = (
				9D6404451F2E49C3005B54A9 /* Base */,
			);
			name = Main.storyboard;
			sourceTree = "<group>";
		};
		9D6404491F2E49C3005B54A9 /* LaunchScreen.storyboard */ = {
			isa = PBXVariantGroup;
			children = (
				9D64044A1F2E49C3005B54A9 /* Base */,
			);
			name = LaunchScreen.storyboard;
			sourceTree = "<group>";
		};
		9DA818941F7A803000093031 /* Localizable.strings */ = {
			isa = PBXVariantGroup;
			children = (
				9DA818951F7A803000093031 /* de */,
				9DA818961F7A804300093031 /* en */,
			);
			name = Localizable.strings;
			sourceTree = "<group>";
		};
/* End PBXVariantGroup section */

/* Begin XCBuildConfiguration section */
		9D64044D1F2E49C3005B54A9 /* Debug */ = {
			isa = XCBuildConfiguration;
			buildSettings = {
				ALWAYS_SEARCH_USER_PATHS = NO;
				CLANG_ANALYZER_LOCALIZABILITY_NONLOCALIZED = YES;
				CLANG_ANALYZER_NONNULL = YES;
				CLANG_ANALYZER_NUMBER_OBJECT_CONVERSION = YES_AGGRESSIVE;
				CLANG_CXX_LANGUAGE_STANDARD = "gnu++0x";
				CLANG_CXX_LIBRARY = "libc++";
				CLANG_ENABLE_MODULES = YES;
				CLANG_ENABLE_OBJC_ARC = YES;
				CLANG_WARN_BLOCK_CAPTURE_AUTORELEASING = YES;
				CLANG_WARN_BOOL_CONVERSION = YES;
				CLANG_WARN_COMMA = YES;
				CLANG_WARN_CONSTANT_CONVERSION = YES;
				CLANG_WARN_DEPRECATED_OBJC_IMPLEMENTATIONS = YES;
				CLANG_WARN_DIRECT_OBJC_ISA_USAGE = YES_ERROR;
				CLANG_WARN_DOCUMENTATION_COMMENTS = YES;
				CLANG_WARN_EMPTY_BODY = YES;
				CLANG_WARN_ENUM_CONVERSION = YES;
				CLANG_WARN_INFINITE_RECURSION = YES;
				CLANG_WARN_INT_CONVERSION = YES;
				CLANG_WARN_NON_LITERAL_NULL_CONVERSION = YES;
				CLANG_WARN_OBJC_IMPLICIT_RETAIN_SELF = YES;
				CLANG_WARN_OBJC_LITERAL_CONVERSION = YES;
				CLANG_WARN_OBJC_ROOT_CLASS = YES_ERROR;
				CLANG_WARN_RANGE_LOOP_ANALYSIS = YES;
				CLANG_WARN_STRICT_PROTOTYPES = YES;
				CLANG_WARN_SUSPICIOUS_MOVE = YES;
				CLANG_WARN_UNREACHABLE_CODE = YES;
				CLANG_WARN__DUPLICATE_METHOD_MATCH = YES;
				"CODE_SIGN_IDENTITY[sdk=iphoneos*]" = "iPhone Developer";
				COPY_PHASE_STRIP = NO;
				DEBUG_INFORMATION_FORMAT = dwarf;
				ENABLE_STRICT_OBJC_MSGSEND = YES;
				ENABLE_TESTABILITY = YES;
				GCC_C_LANGUAGE_STANDARD = gnu99;
				GCC_DYNAMIC_NO_PIC = NO;
				GCC_NO_COMMON_BLOCKS = YES;
				GCC_OPTIMIZATION_LEVEL = 0;
				GCC_PREPROCESSOR_DEFINITIONS = (
					"DEBUG=1",
					"$(inherited)",
				);
				GCC_WARN_64_TO_32_BIT_CONVERSION = YES;
				GCC_WARN_ABOUT_RETURN_TYPE = YES_ERROR;
				GCC_WARN_UNDECLARED_SELECTOR = YES;
				GCC_WARN_UNINITIALIZED_AUTOS = YES_AGGRESSIVE;
				GCC_WARN_UNUSED_FUNCTION = YES;
				GCC_WARN_UNUSED_VARIABLE = YES;
				IPHONEOS_DEPLOYMENT_TARGET = 10.3;
				MTL_ENABLE_DEBUG_INFO = YES;
				ONLY_ACTIVE_ARCH = YES;
				SDKROOT = iphoneos;
				SWIFT_ACTIVE_COMPILATION_CONDITIONS = DEBUG;
				SWIFT_OBJC_BRIDGING_HEADER = "$(SRCROOT)/Calliope/Bridge.h";
				SWIFT_OPTIMIZATION_LEVEL = "-Onone";
			};
			name = Debug;
		};
		9D64044E1F2E49C3005B54A9 /* Release */ = {
			isa = XCBuildConfiguration;
			buildSettings = {
				ALWAYS_SEARCH_USER_PATHS = NO;
				CLANG_ANALYZER_LOCALIZABILITY_NONLOCALIZED = YES;
				CLANG_ANALYZER_NONNULL = YES;
				CLANG_ANALYZER_NUMBER_OBJECT_CONVERSION = YES_AGGRESSIVE;
				CLANG_CXX_LANGUAGE_STANDARD = "gnu++0x";
				CLANG_CXX_LIBRARY = "libc++";
				CLANG_ENABLE_MODULES = YES;
				CLANG_ENABLE_OBJC_ARC = YES;
				CLANG_WARN_BLOCK_CAPTURE_AUTORELEASING = YES;
				CLANG_WARN_BOOL_CONVERSION = YES;
				CLANG_WARN_COMMA = YES;
				CLANG_WARN_CONSTANT_CONVERSION = YES;
				CLANG_WARN_DEPRECATED_OBJC_IMPLEMENTATIONS = YES;
				CLANG_WARN_DIRECT_OBJC_ISA_USAGE = YES_ERROR;
				CLANG_WARN_DOCUMENTATION_COMMENTS = YES;
				CLANG_WARN_EMPTY_BODY = YES;
				CLANG_WARN_ENUM_CONVERSION = YES;
				CLANG_WARN_INFINITE_RECURSION = YES;
				CLANG_WARN_INT_CONVERSION = YES;
				CLANG_WARN_NON_LITERAL_NULL_CONVERSION = YES;
				CLANG_WARN_OBJC_IMPLICIT_RETAIN_SELF = YES;
				CLANG_WARN_OBJC_LITERAL_CONVERSION = YES;
				CLANG_WARN_OBJC_ROOT_CLASS = YES_ERROR;
				CLANG_WARN_RANGE_LOOP_ANALYSIS = YES;
				CLANG_WARN_STRICT_PROTOTYPES = YES;
				CLANG_WARN_SUSPICIOUS_MOVE = YES;
				CLANG_WARN_UNREACHABLE_CODE = YES;
				CLANG_WARN__DUPLICATE_METHOD_MATCH = YES;
				"CODE_SIGN_IDENTITY[sdk=iphoneos*]" = "iPhone Developer";
				COPY_PHASE_STRIP = NO;
				DEBUG_INFORMATION_FORMAT = "dwarf-with-dsym";
				ENABLE_NS_ASSERTIONS = NO;
				ENABLE_STRICT_OBJC_MSGSEND = YES;
				GCC_C_LANGUAGE_STANDARD = gnu99;
				GCC_NO_COMMON_BLOCKS = YES;
				GCC_WARN_64_TO_32_BIT_CONVERSION = YES;
				GCC_WARN_ABOUT_RETURN_TYPE = YES_ERROR;
				GCC_WARN_UNDECLARED_SELECTOR = YES;
				GCC_WARN_UNINITIALIZED_AUTOS = YES_AGGRESSIVE;
				GCC_WARN_UNUSED_FUNCTION = YES;
				GCC_WARN_UNUSED_VARIABLE = YES;
				IPHONEOS_DEPLOYMENT_TARGET = 10.3;
				MTL_ENABLE_DEBUG_INFO = NO;
				SDKROOT = iphoneos;
				SWIFT_OBJC_BRIDGING_HEADER = "$(SRCROOT)/Calliope/Bridge.h";
				SWIFT_OPTIMIZATION_LEVEL = "-Owholemodule";
				VALIDATE_PRODUCT = YES;
			};
			name = Release;
		};
		9D6404501F2E49C3005B54A9 /* Debug */ = {
			isa = XCBuildConfiguration;
			baseConfigurationReference = AD5B59281443F564F0AF92FB /* Pods-Calliope.debug.xcconfig */;
			buildSettings = {
				ASSETCATALOG_COMPILER_APPICON_NAME = AppIcon;
				"CODE_SIGN_IDENTITY[sdk=iphoneos*]" = "iPhone Developer";
				CODE_SIGN_STYLE = Automatic;
				DEVELOPMENT_TEAM = KW752MR3Z2;
				INFOPLIST_FILE = Calliope/Info.plist;
				LD_RUNPATH_SEARCH_PATHS = "$(inherited) @executable_path/Frameworks";
				PRODUCT_BUNDLE_IDENTIFIER = benediktSpohr.calliope;
				PRODUCT_NAME = "$(TARGET_NAME)";
				PROVISIONING_PROFILE = "";
				PROVISIONING_PROFILE_SPECIFIER = "";
				STRIP_INSTALLED_PRODUCT = NO;
				SWIFT_OBJC_BRIDGING_HEADER = "";
				SWIFT_VERSION = 4.2;
				TARGETED_DEVICE_FAMILY = "1,2";
			};
			name = Debug;
		};
		9D6404511F2E49C3005B54A9 /* Release */ = {
			isa = XCBuildConfiguration;
			baseConfigurationReference = 187D027987EA3CD6BF52AE2C /* Pods-Calliope.release.xcconfig */;
			buildSettings = {
				ASSETCATALOG_COMPILER_APPICON_NAME = AppIcon;
				"CODE_SIGN_IDENTITY[sdk=iphoneos*]" = "iPhone Developer";
				CODE_SIGN_STYLE = Automatic;
				DEVELOPMENT_TEAM = KW752MR3Z2;
				INFOPLIST_FILE = Calliope/Info.plist;
				LD_RUNPATH_SEARCH_PATHS = "$(inherited) @executable_path/Frameworks";
				PRODUCT_BUNDLE_IDENTIFIER = benediktSpohr.calliope;
				PRODUCT_NAME = "$(TARGET_NAME)";
				PROVISIONING_PROFILE = "";
				PROVISIONING_PROFILE_SPECIFIER = "";
				STRIP_INSTALLED_PRODUCT = NO;
				SWIFT_OBJC_BRIDGING_HEADER = "";
				SWIFT_VERSION = 4.2;
				TARGETED_DEVICE_FAMILY = "1,2";
			};
			name = Release;
		};
/* End XCBuildConfiguration section */

/* Begin XCConfigurationList section */
		9D6404381F2E49C3005B54A9 /* Build configuration list for PBXProject "Calliope" */ = {
			isa = XCConfigurationList;
			buildConfigurations = (
				9D64044D1F2E49C3005B54A9 /* Debug */,
				9D64044E1F2E49C3005B54A9 /* Release */,
			);
			defaultConfigurationIsVisible = 0;
			defaultConfigurationName = Release;
		};
		9D64044F1F2E49C3005B54A9 /* Build configuration list for PBXNativeTarget "Calliope" */ = {
			isa = XCConfigurationList;
			buildConfigurations = (
				9D6404501F2E49C3005B54A9 /* Debug */,
				9D6404511F2E49C3005B54A9 /* Release */,
			);
			defaultConfigurationIsVisible = 0;
			defaultConfigurationName = Release;
		};
/* End XCConfigurationList section */
	};
	rootObject = 9D6404351F2E49C3005B54A9 /* Project object */;
}
