PODS:
  - DeepDiff (2.3.1)
  - iOSDFULibrary (4.7.1):
    - ZIPFoundation (= 0.9.11)
  - SnapKit (5.0.1)
  - TPKeyboardAvoiding (1.3.3)
  - UICircularProgressRing (6.5.0)
  - ZIPFoundation (0.9.11)

DEPENDENCIES:
  - DeepDiff
  - iOSDFULibrary (~> 4.7.1)
  - SnapKit (~> 5.0.0)
  - TPKeyboardAvoiding
  - UICircularProgressRing

SPEC REPOS:
  trunk:
    - DeepDiff
    - iOSDFULibrary
    - SnapKit
    - TPKeyboardAvoiding
    - UICircularProgressRing
    - ZIPFoundation

SPEC CHECKSUMS:
  DeepDiff: e5ae6c50d0321568e4508cec5930b9f10bb293fc
  iOSDFULibrary: f912fa3880137df8d81bf220dd70ebe036f2d601
  SnapKit: 97b92857e3df3a0c71833cce143274bf6ef8e5eb
  TPKeyboardAvoiding: 6dd3fe3268b8f2627beb7ff3d82a3cacbdf66a36
  UICircularProgressRing: e6852e8f88e296cbbbe2720cccb55241acda6708
  ZIPFoundation: b1f0de4eed33e74a676f76e12559ab6b75990197

PODFILE CHECKSUM: bc9454e967a4a1fbf44204f5d53d9c8acc4c73e5

COCOAPODS: 1.9.1
